// !$*UTF8*$!
{
	archiveVersion = 1;
	classes = {
	};
	objectVersion = 50;
	objects = {

/* Begin PBXBuildFile section */
		A13BDAFC22EC81DB00E451D9 /* AppDelegate.m in Sources */ = {isa = PBXBuildFile; fileRef = A13BDAFB22EC81DB00E451D9 /* AppDelegate.m */; };
		A13BDAFF22EC81DB00E451D9 /* ViewController.m in Sources */ = {isa = PBXBuildFile; fileRef = A13BDAFE22EC81DB00E451D9 /* ViewController.m */; };
		A13BDB0222EC81DB00E451D9 /* Main.storyboard in Resources */ = {isa = PBXBuildFile; fileRef = A13BDB0022EC81DB00E451D9 /* Main.storyboard */; };
		A13BDB0422EC81DD00E451D9 /* Assets.xcassets in Resources */ = {isa = PBXBuildFile; fileRef = A13BDB0322EC81DD00E451D9 /* Assets.xcassets */; };
		A13BDB0722EC81DD00E451D9 /* LaunchScreen.storyboard in Resources */ = {isa = PBXBuildFile; fileRef = A13BDB0522EC81DD00E451D9 /* LaunchScreen.storyboard */; };
		A13BDB0A22EC81DD00E451D9 /* main.m in Sources */ = {isa = PBXBuildFile; fileRef = A13BDB0922EC81DD00E451D9 /* main.m */; };
		A13BDB1422EC81DD00E451D9 /* CustomTabBarTests.m in Sources */ = {isa = PBXBuildFile; fileRef = A13BDB1322EC81DD00E451D9 /* CustomTabBarTests.m */; };
		A13BDB1F22EC81DD00E451D9 /* CustomTabBarUITests.m in Sources */ = {isa = PBXBuildFile; fileRef = A13BDB1E22EC81DD00E451D9 /* CustomTabBarUITests.m */; };
		A13BDB3322EC82F400E451D9 /* MyTabBarController.m in Sources */ = {isa = PBXBuildFile; fileRef = A13BDB3222EC82F400E451D9 /* MyTabBarController.m */; };
		A13BDB3622EC863200E451D9 /* MyTabBar.m in Sources */ = {isa = PBXBuildFile; fileRef = A13BDB3522EC863200E451D9 /* MyTabBar.m */; };
		A13BDB3922EC905B00E451D9 /* MyNavigationController.m in Sources */ = {isa = PBXBuildFile; fileRef = A13BDB3822EC905B00E451D9 /* MyNavigationController.m */; };
/* End PBXBuildFile section */

/* Begin PBXContainerItemProxy section */
		A13BDB1022EC81DD00E451D9 /* PBXContainerItemProxy */ = {
			isa = PBXContainerItemProxy;
			containerPortal = A13BDAEF22EC81DB00E451D9 /* Project object */;
			proxyType = 1;
			remoteGlobalIDString = A13BDAF622EC81DB00E451D9;
			remoteInfo = CustomTabBar;
		};
		A13BDB1B22EC81DD00E451D9 /* PBXContainerItemProxy */ = {
			isa = PBXContainerItemProxy;
			containerPortal = A13BDAEF22EC81DB00E451D9 /* Project object */;
			proxyType = 1;
			remoteGlobalIDString = A13BDAF622EC81DB00E451D9;
			remoteInfo = CustomTabBar;
		};
/* End PBXContainerItemProxy section */

/* Begin PBXFileReference section */
		A13BDAF722EC81DB00E451D9 /* CustomTabBar.app */ = {isa = PBXFileReference; explicitFileType = wrapper.application; includeInIndex = 0; path = CustomTabBar.app; sourceTree = BUILT_PRODUCTS_DIR; };
		A13BDAFA22EC81DB00E451D9 /* AppDelegate.h */ = {isa = PBXFileReference; lastKnownFileType = sourcecode.c.h; path = AppDelegate.h; sourceTree = "<group>"; };
		A13BDAFB22EC81DB00E451D9 /* AppDelegate.m */ = {isa = PBXFileReference; lastKnownFileType = sourcecode.c.objc; path = AppDelegate.m; sourceTree = "<group>"; };
		A13BDAFD22EC81DB00E451D9 /* ViewController.h */ = {isa = PBXFileReference; lastKnownFileType = sourcecode.c.h; path = ViewController.h; sourceTree = "<group>"; };
		A13BDAFE22EC81DB00E451D9 /* ViewController.m */ = {isa = PBXFileReference; lastKnownFileType = sourcecode.c.objc; path = ViewController.m; sourceTree = "<group>"; };
		A13BDB0122EC81DB00E451D9 /* Base */ = {isa = PBXFileReference; lastKnownFileType = file.storyboard; name = Base; path = Base.lproj/Main.storyboard; sourceTree = "<group>"; };
		A13BDB0322EC81DD00E451D9 /* Assets.xcassets */ = {isa = PBXFileReference; lastKnownFileType = folder.assetcatalog; path = Assets.xcassets; sourceTree = "<group>"; };
		A13BDB0622EC81DD00E451D9 /* Base */ = {isa = PBXFileReference; lastKnownFileType = file.storyboard; name = Base; path = Base.lproj/LaunchScreen.storyboard; sourceTree = "<group>"; };
		A13BDB0822EC81DD00E451D9 /* Info.plist */ = {isa = PBXFileReference; lastKnownFileType = text.plist.xml; path = Info.plist; sourceTree = "<group>"; };
		A13BDB0922EC81DD00E451D9 /* main.m */ = {isa = PBXFileReference; lastKnownFileType = sourcecode.c.objc; path = main.m; sourceTree = "<group>"; };
		A13BDB0F22EC81DD00E451D9 /* CustomTabBarTests.xctest */ = {isa = PBXFileReference; explicitFileType = wrapper.cfbundle; includeInIndex = 0; path = CustomTabBarTests.xctest; sourceTree = BUILT_PRODUCTS_DIR; };
		A13BDB1322EC81DD00E451D9 /* CustomTabBarTests.m */ = {isa = PBXFileReference; lastKnownFileType = sourcecode.c.objc; path = CustomTabBarTests.m; sourceTree = "<group>"; };
		A13BDB1522EC81DD00E451D9 /* Info.plist */ = {isa = PBXFileReference; lastKnownFileType = text.plist.xml; path = Info.plist; sourceTree = "<group>"; };
		A13BDB1A22EC81DD00E451D9 /* CustomTabBarUITests.xctest */ = {isa = PBXFileReference; explicitFileType = wrapper.cfbundle; includeInIndex = 0; path = CustomTabBarUITests.xctest; sourceTree = BUILT_PRODUCTS_DIR; };
		A13BDB1E22EC81DD00E451D9 /* CustomTabBarUITests.m */ = {isa = PBXFileReference; lastKnownFileType = sourcecode.c.objc; path = CustomTabBarUITests.m; sourceTree = "<group>"; };
		A13BDB2022EC81DD00E451D9 /* Info.plist */ = {isa = PBXFileReference; lastKnownFileType = text.plist.xml; path = Info.plist; sourceTree = "<group>"; };
		A13BDB3122EC82F400E451D9 /* MyTabBarController.h */ = {isa = PBXFileReference; lastKnownFileType = sourcecode.c.h; path = MyTabBarController.h; sourceTree = "<group>"; };
		A13BDB3222EC82F400E451D9 /* MyTabBarController.m */ = {isa = PBXFileReference; lastKnownFileType = sourcecode.c.objc; path = MyTabBarController.m; sourceTree = "<group>"; };
		A13BDB3422EC863200E451D9 /* MyTabBar.h */ = {isa = PBXFileReference; lastKnownFileType = sourcecode.c.h; path = MyTabBar.h; sourceTree = "<group>"; };
		A13BDB3522EC863200E451D9 /* MyTabBar.m */ = {isa = PBXFileReference; lastKnownFileType = sourcecode.c.objc; path = MyTabBar.m; sourceTree = "<group>"; };
		A13BDB3722EC905B00E451D9 /* MyNavigationController.h */ = {isa = PBXFileReference; lastKnownFileType = sourcecode.c.h; path = MyNavigationController.h; sourceTree = "<group>"; };
		A13BDB3822EC905B00E451D9 /* MyNavigationController.m */ = {isa = PBXFileReference; lastKnownFileType = sourcecode.c.objc; path = MyNavigationController.m; sourceTree = "<group>"; };
/* End PBXFileReference section */

/* Begin PBXFrameworksBuildPhase section */
		A13BDAF422EC81DB00E451D9 /* Frameworks */ = {
			isa = PBXFrameworksBuildPhase;
			buildActionMask = 2147483647;
			files = (
			);
			runOnlyForDeploymentPostprocessing = 0;
		};
		A13BDB0C22EC81DD00E451D9 /* Frameworks */ = {
			isa = PBXFrameworksBuildPhase;
			buildActionMask = 2147483647;
			files = (
			);
			runOnlyForDeploymentPostprocessing = 0;
		};
		A13BDB1722EC81DD00E451D9 /* Frameworks */ = {
			isa = PBXFrameworksBuildPhase;
			buildActionMask = 2147483647;
			files = (
			);
			runOnlyForDeploymentPostprocessing = 0;
		};
/* End PBXFrameworksBuildPhase section */

/* Begin PBXGroup section */
		A13BDAEE22EC81DB00E451D9 = {
			isa = PBXGroup;
			children = (
				A13BDAF922EC81DB00E451D9 /* CustomTabBar */,
				A13BDB1222EC81DD00E451D9 /* CustomTabBarTests */,
				A13BDB1D22EC81DD00E451D9 /* CustomTabBarUITests */,
				A13BDAF822EC81DB00E451D9 /* Products */,
			);
			sourceTree = "<group>";
		};
		A13BDAF822EC81DB00E451D9 /* Products */ = {
			isa = PBXGroup;
			children = (
				A13BDAF722EC81DB00E451D9 /* CustomTabBar.app */,
				A13BDB0F22EC81DD00E451D9 /* CustomTabBarTests.xctest */,
				A13BDB1A22EC81DD00E451D9 /* CustomTabBarUITests.xctest */,
			);
			name = Products;
			sourceTree = "<group>";
		};
		A13BDAF922EC81DB00E451D9 /* CustomTabBar */ = {
			isa = PBXGroup;
			children = (
				A13BDAFA22EC81DB00E451D9 /* AppDelegate.h */,
				A13BDAFB22EC81DB00E451D9 /* AppDelegate.m */,
				A13BDAFD22EC81DB00E451D9 /* ViewController.h */,
				A13BDAFE22EC81DB00E451D9 /* ViewController.m */,
				A13BDB0022EC81DB00E451D9 /* Main.storyboard */,
				A13BDB0322EC81DD00E451D9 /* Assets.xcassets */,
				A13BDB0522EC81DD00E451D9 /* LaunchScreen.storyboard */,
				A13BDB0822EC81DD00E451D9 /* Info.plist */,
				A13BDB0922EC81DD00E451D9 /* main.m */,
				A13BDB3122EC82F400E451D9 /* MyTabBarController.h */,
				A13BDB3222EC82F400E451D9 /* MyTabBarController.m */,
				A13BDB3422EC863200E451D9 /* MyTabBar.h */,
				A13BDB3522EC863200E451D9 /* MyTabBar.m */,
				A13BDB3722EC905B00E451D9 /* MyNavigationController.h */,
				A13BDB3822EC905B00E451D9 /* MyNavigationController.m */,
			);
			path = CustomTabBar;
			sourceTree = "<group>";
		};
		A13BDB1222EC81DD00E451D9 /* CustomTabBarTests */ = {
			isa = PBXGroup;
			children = (
				A13BDB1322EC81DD00E451D9 /* CustomTabBarTests.m */,
				A13BDB1522EC81DD00E451D9 /* Info.plist */,
			);
			path = CustomTabBarTests;
			sourceTree = "<group>";
		};
		A13BDB1D22EC81DD00E451D9 /* CustomTabBarUITests */ = {
			isa = PBXGroup;
			children = (
				A13BDB1E22EC81DD00E451D9 /* CustomTabBarUITests.m */,
				A13BDB2022EC81DD00E451D9 /* Info.plist */,
			);
			path = CustomTabBarUITests;
			sourceTree = "<group>";
		};
/* End PBXGroup section */

/* Begin PBXNativeTarget section */
		A13BDAF622EC81DB00E451D9 /* CustomTabBar */ = {
			isa = PBXNativeTarget;
			buildConfigurationList = A13BDB2322EC81DD00E451D9 /* Build configuration list for PBXNativeTarget "CustomTabBar" */;
			buildPhases = (
				A13BDAF322EC81DB00E451D9 /* Sources */,
				A13BDAF422EC81DB00E451D9 /* Frameworks */,
				A13BDAF522EC81DB00E451D9 /* Resources */,
			);
			buildRules = (
			);
			dependencies = (
			);
			name = CustomTabBar;
			productName = CustomTabBar;
			productReference = A13BDAF722EC81DB00E451D9 /* CustomTabBar.app */;
			productType = "com.apple.product-type.application";
		};
		A13BDB0E22EC81DD00E451D9 /* CustomTabBarTests */ = {
			isa = PBXNativeTarget;
			buildConfigurationList = A13BDB2622EC81DD00E451D9 /* Build configuration list for PBXNativeTarget "CustomTabBarTests" */;
			buildPhases = (
				A13BDB0B22EC81DD00E451D9 /* Sources */,
				A13BDB0C22EC81DD00E451D9 /* Frameworks */,
				A13BDB0D22EC81DD00E451D9 /* Resources */,
			);
			buildRules = (
			);
			dependencies = (
				A13BDB1122EC81DD00E451D9 /* PBXTargetDependency */,
			);
			name = CustomTabBarTests;
			productName = CustomTabBarTests;
			productReference = A13BDB0F22EC81DD00E451D9 /* CustomTabBarTests.xctest */;
			productType = "com.apple.product-type.bundle.unit-test";
		};
		A13BDB1922EC81DD00E451D9 /* CustomTabBarUITests */ = {
			isa = PBXNativeTarget;
			buildConfigurationList = A13BDB2922EC81DD00E451D9 /* Build configuration list for PBXNativeTarget "CustomTabBarUITests" */;
			buildPhases = (
				A13BDB1622EC81DD00E451D9 /* Sources */,
				A13BDB1722EC81DD00E451D9 /* Frameworks */,
				A13BDB1822EC81DD00E451D9 /* Resources */,
			);
			buildRules = (
			);
			dependencies = (
				A13BDB1C22EC81DD00E451D9 /* PBXTargetDependency */,
			);
			name = CustomTabBarUITests;
			productName = CustomTabBarUITests;
			productReference = A13BDB1A22EC81DD00E451D9 /* CustomTabBarUITests.xctest */;
			productType = "com.apple.product-type.bundle.ui-testing";
		};
/* End PBXNativeTarget section */

/* Begin PBXProject section */
		A13BDAEF22EC81DB00E451D9 /* Project object */ = {
			isa = PBXProject;
			attributes = {
				LastUpgradeCheck = 1020;
				ORGANIZATIONNAME = "李木义";
				TargetAttributes = {
					A13BDAF622EC81DB00E451D9 = {
						CreatedOnToolsVersion = 10.2.1;
					};
					A13BDB0E22EC81DD00E451D9 = {
						CreatedOnToolsVersion = 10.2.1;
						TestTargetID = A13BDAF622EC81DB00E451D9;
					};
					A13BDB1922EC81DD00E451D9 = {
						CreatedOnToolsVersion = 10.2.1;
						TestTargetID = A13BDAF622EC81DB00E451D9;
					};
				};
			};
			buildConfigurationList = A13BDAF222EC81DB00E451D9 /* Build configuration list for PBXProject "CustomTabBar" */;
			compatibilityVersion = "Xcode 9.3";
			developmentRegion = en;
			hasScannedForEncodings = 0;
			knownRegions = (
				en,
				Base,
			);
			mainGroup = A13BDAEE22EC81DB00E451D9;
			productRefGroup = A13BDAF822EC81DB00E451D9 /* Products */;
			projectDirPath = "";
			projectRoot = "";
			targets = (
				A13BDAF622EC81DB00E451D9 /* CustomTabBar */,
				A13BDB0E22EC81DD00E451D9 /* CustomTabBarTests */,
				A13BDB1922EC81DD00E451D9 /* CustomTabBarUITests */,
			);
		};
/* End PBXProject section */

/* Begin PBXResourcesBuildPhase section */
		A13BDAF522EC81DB00E451D9 /* Resources */ = {
			isa = PBXResourcesBuildPhase;
			buildActionMask = 2147483647;
			files = (
				A13BDB0722EC81DD00E451D9 /* LaunchScreen.storyboard in Resources */,
				A13BDB0422EC81DD00E451D9 /* Assets.xcassets in Resources */,
				A13BDB0222EC81DB00E451D9 /* Main.storyboard in Resources */,
			);
			runOnlyForDeploymentPostprocessing = 0;
		};
		A13BDB0D22EC81DD00E451D9 /* Resources */ = {
			isa = PBXResourcesBuildPhase;
			buildActionMask = 2147483647;
			files = (
			);
			runOnlyForDeploymentPostprocessing = 0;
		};
		A13BDB1822EC81DD00E451D9 /* Resources */ = {
			isa = PBXResourcesBuildPhase;
			buildActionMask = 2147483647;
			files = (
			);
			runOnlyForDeploymentPostprocessing = 0;
		};
/* End PBXResourcesBuildPhase section */

/* Begin PBXSourcesBuildPhase section */
		A13BDAF322EC81DB00E451D9 /* Sources */ = {
			isa = PBXSourcesBuildPhase;
			buildActionMask = 2147483647;
			files = (
				A13BDAFF22EC81DB00E451D9 /* ViewController.m in Sources */,
				A13BDB3322EC82F400E451D9 /* MyTabBarController.m in Sources */,
				A13BDB0A22EC81DD00E451D9 /* main.m in Sources */,
				A13BDB3922EC905B00E451D9 /* MyNavigationController.m in Sources */,
				A13BDB3622EC863200E451D9 /* MyTabBar.m in Sources */,
				A13BDAFC22EC81DB00E451D9 /* AppDelegate.m in Sources */,
			);
			runOnlyForDeploymentPostprocessing = 0;
		};
		A13BDB0B22EC81DD00E451D9 /* Sources */ = {
			isa = PBXSourcesBuildPhase;
			buildActionMask = 2147483647;
			files = (
				A13BDB1422EC81DD00E451D9 /* CustomTabBarTests.m in Sources */,
			);
			runOnlyForDeploymentPostprocessing = 0;
		};
		A13BDB1622EC81DD00E451D9 /* Sources */ = {
			isa = PBXSourcesBuildPhase;
			buildActionMask = 2147483647;
			files = (
				A13BDB1F22EC81DD00E451D9 /* CustomTabBarUITests.m in Sources */,
			);
			runOnlyForDeploymentPostprocessing = 0;
		};
/* End PBXSourcesBuildPhase section */

/* Begin PBXTargetDependency section */
		A13BDB1122EC81DD00E451D9 /* PBXTargetDependency */ = {
			isa = PBXTargetDependency;
			target = A13BDAF622EC81DB00E451D9 /* CustomTabBar */;
			targetProxy = A13BDB1022EC81DD00E451D9 /* PBXContainerItemProxy */;
		};
		A13BDB1C22EC81DD00E451D9 /* PBXTargetDependency */ = {
			isa = PBXTargetDependency;
			target = A13BDAF622EC81DB00E451D9 /* CustomTabBar */;
			targetProxy = A13BDB1B22EC81DD00E451D9 /* PBXContainerItemProxy */;
		};
/* End PBXTargetDependency section */

/* Begin PBXVariantGroup section */
		A13BDB0022EC81DB00E451D9 /* Main.storyboard */ = {
			isa = PBXVariantGroup;
			children = (
				A13BDB0122EC81DB00E451D9 /* Base */,
			);
			name = Main.storyboard;
			sourceTree = "<group>";
		};
		A13BDB0522EC81DD00E451D9 /* LaunchScreen.storyboard */ = {
			isa = PBXVariantGroup;
			children = (
				A13BDB0622EC81DD00E451D9 /* Base */,
			);
			name = LaunchScreen.storyboard;
			sourceTree = "<group>";
		};
/* End PBXVariantGroup section */

/* Begin XCBuildConfiguration section */
		A13BDB2122EC81DD00E451D9 /* Debug */ = {
			isa = XCBuildConfiguration;
			buildSettings = {
				ALWAYS_SEARCH_USER_PATHS = NO;
				CLANG_ANALYZER_NONNULL = YES;
				CLANG_ANALYZER_NUMBER_OBJECT_CONVERSION = YES_AGGRESSIVE;
				CLANG_CXX_LANGUAGE_STANDARD = "gnu++14";
				CLANG_CXX_LIBRARY = "libc++";
				CLANG_ENABLE_MODULES = YES;
				CLANG_ENABLE_OBJC_ARC = YES;
				CLANG_ENABLE_OBJC_WEAK = YES;
				CLANG_WARN_BLOCK_CAPTURE_AUTORELEASING = YES;
				CLANG_WARN_BOOL_CONVERSION = YES;
				CLANG_WARN_COMMA = YES;
				CLANG_WARN_CONSTANT_CONVERSION = YES;
				CLANG_WARN_DEPRECATED_OBJC_IMPLEMENTATIONS = YES;
				CLANG_WARN_DIRECT_OBJC_ISA_USAGE = YES_ERROR;
				CLANG_WARN_DOCUMENTATION_COMMENTS = YES;
				CLANG_WARN_EMPTY_BODY = YES;
				CLANG_WARN_ENUM_CONVERSION = YES;
				CLANG_WARN_INFINITE_RECURSION = YES;
				CLANG_WARN_INT_CONVERSION = YES;
				CLANG_WARN_NON_LITERAL_NULL_CONVERSION = YES;
				CLANG_WARN_OBJC_IMPLICIT_RETAIN_SELF = YES;
				CLANG_WARN_OBJC_LITERAL_CONVERSION = YES;
				CLANG_WARN_OBJC_ROOT_CLASS = YES_ERROR;
				CLANG_WARN_RANGE_LOOP_ANALYSIS = YES;
				CLANG_WARN_STRICT_PROTOTYPES = YES;
				CLANG_WARN_SUSPICIOUS_MOVE = YES;
				CLANG_WARN_UNGUARDED_AVAILABILITY = YES_AGGRESSIVE;
				CLANG_WARN_UNREACHABLE_CODE = YES;
				CLANG_WARN__DUPLICATE_METHOD_MATCH = YES;
				CODE_SIGN_IDENTITY = "iPhone Developer";
				COPY_PHASE_STRIP = NO;
				DEBUG_INFORMATION_FORMAT = dwarf;
				ENABLE_STRICT_OBJC_MSGSEND = YES;
				ENABLE_TESTABILITY = YES;
				GCC_C_LANGUAGE_STANDARD = gnu11;
				GCC_DYNAMIC_NO_PIC = NO;
				GCC_NO_COMMON_BLOCKS = YES;
				GCC_OPTIMIZATION_LEVEL = 0;
				GCC_PREPROCESSOR_DEFINITIONS = (
					"DEBUG=1",
					"$(inherited)",
				);
				GCC_WARN_64_TO_32_BIT_CONVERSION = YES;
				GCC_WARN_ABOUT_RETURN_TYPE = YES_ERROR;
				GCC_WARN_UNDECLARED_SELECTOR = YES;
				GCC_WARN_UNINITIALIZED_AUTOS = YES_AGGRESSIVE;
				GCC_WARN_UNUSED_FUNCTION = YES;
				GCC_WARN_UNUSED_VARIABLE = YES;
				IPHONEOS_DEPLOYMENT_TARGET = 12.2;
				MTL_ENABLE_DEBUG_INFO = INCLUDE_SOURCE;
				MTL_FAST_MATH = YES;
				ONLY_ACTIVE_ARCH = YES;
				SDKROOT = iphoneos;
			};
			name = Debug;
		};
		A13BDB2222EC81DD00E451D9 /* Release */ = {
			isa = XCBuildConfiguration;
			buildSettings = {
				ALWAYS_SEARCH_USER_PATHS = NO;
				CLANG_ANALYZER_NONNULL = YES;
				CLANG_ANALYZER_NUMBER_OBJECT_CONVERSION = YES_AGGRESSIVE;
				CLANG_CXX_LANGUAGE_STANDARD = "gnu++14";
				CLANG_CXX_LIBRARY = "libc++";
				CLANG_ENABLE_MODULES = YES;
				CLANG_ENABLE_OBJC_ARC = YES;
				CLANG_ENABLE_OBJC_WEAK = YES;
				CLANG_WARN_BLOCK_CAPTURE_AUTORELEASING = YES;
				CLANG_WARN_BOOL_CONVERSION = YES;
				CLANG_WARN_COMMA = YES;
				CLANG_WARN_CONSTANT_CONVERSION = YES;
				CLANG_WARN_DEPRECATED_OBJC_IMPLEMENTATIONS = YES;
				CLANG_WARN_DIRECT_OBJC_ISA_USAGE = YES_ERROR;
				CLANG_WARN_DOCUMENTATION_COMMENTS = YES;
				CLANG_WARN_EMPTY_BODY = YES;
				CLANG_WARN_ENUM_CONVERSION = YES;
				CLANG_WARN_INFINITE_RECURSION = YES;
				CLANG_WARN_INT_CONVERSION = YES;
				CLANG_WARN_NON_LITERAL_NULL_CONVERSION = YES;
				CLANG_WARN_OBJC_IMPLICIT_RETAIN_SELF = YES;
				CLANG_WARN_OBJC_LITERAL_CONVERSION = YES;
				CLANG_WARN_OBJC_ROOT_CLASS = YES_ERROR;
				CLANG_WARN_RANGE_LOOP_ANALYSIS = YES;
				CLANG_WARN_STRICT_PROTOTYPES = YES;
				CLANG_WARN_SUSPICIOUS_MOVE = YES;
				CLANG_WARN_UNGUARDED_AVAILABILITY = YES_AGGRESSIVE;
				CLANG_WARN_UNREACHABLE_CODE = YES;
				CLANG_WARN__DUPLICATE_METHOD_MATCH = YES;
				CODE_SIGN_IDENTITY = "iPhone Developer";
				COPY_PHASE_STRIP = NO;
				DEBUG_INFORMATION_FORMAT = "dwarf-with-dsym";
				ENABLE_NS_ASSERTIONS = NO;
				ENABLE_STRICT_OBJC_MSGSEND = YES;
				GCC_C_LANGUAGE_STANDARD = gnu11;
				GCC_NO_COMMON_BLOCKS = YES;
				GCC_WARN_64_TO_32_BIT_CONVERSION = YES;
				GCC_WARN_ABOUT_RETURN_TYPE = YES_ERROR;
				GCC_WARN_UNDECLARED_SELECTOR = YES;
				GCC_WARN_UNINITIALIZED_AUTOS = YES_AGGRESSIVE;
				GCC_WARN_UNUSED_FUNCTION = YES;
				GCC_WARN_UNUSED_VARIABLE = YES;
				IPHONEOS_DEPLOYMENT_TARGET = 12.2;
				MTL_ENABLE_DEBUG_INFO = NO;
				MTL_FAST_MATH = YES;
				SDKROOT = iphoneos;
				VALIDATE_PRODUCT = YES;
			};
			name = Release;
		};
		A13BDB2422EC81DD00E451D9 /* Debug */ = {
			isa = XCBuildConfiguration;
			buildSettings = {
				ASSETCATALOG_COMPILER_APPICON_NAME = AppIcon;
				CODE_SIGN_STYLE = Automatic;
				DEVELOPMENT_TEAM = KGB4YH8FC6;
				INFOPLIST_FILE = CustomTabBar/Info.plist;
				LD_RUNPATH_SEARCH_PATHS = (
					"$(inherited)",
					"@executable_path/Frameworks",
				);
				PRODUCT_BUNDLE_IDENTIFIER = com.myron.CustomTabBar;
				PRODUCT_NAME = "$(TARGET_NAME)";
				TARGETED_DEVICE_FAMILY = "1,2";
			};
			name = Debug;
		};
		A13BDB2522EC81DD00E451D9 /* Release */ = {
			isa = XCBuildConfiguration;
			buildSettings = {
				ASSETCATALOG_COMPILER_APPICON_NAME = AppIcon;
				CODE_SIGN_STYLE = Automatic;
				DEVELOPMENT_TEAM = KGB4YH8FC6;
				INFOPLIST_FILE = CustomTabBar/Info.plist;
				LD_RUNPATH_SEARCH_PATHS = (
					"$(inherited)",
					"@executable_path/Frameworks",
				);
				PRODUCT_BUNDLE_IDENTIFIER = com.myron.CustomTabBar;
				PRODUCT_NAME = "$(TARGET_NAME)";
				TARGETED_DEVICE_FAMILY = "1,2";
			};
			name = Release;
		};
		A13BDB2722EC81DD00E451D9 /* Debug */ = {
			isa = XCBuildConfiguration;
			buildSettings = {
				BUNDLE_LOADER = "$(TEST_HOST)";
				CODE_SIGN_STYLE = Automatic;
				INFOPLIST_FILE = CustomTabBarTests/Info.plist;
				LD_RUNPATH_SEARCH_PATHS = (
					"$(inherited)",
					"@executable_path/Frameworks",
					"@loader_path/Frameworks",
				);
				PRODUCT_BUNDLE_IDENTIFIER = com.myron.CustomTabBarTests;
				PRODUCT_NAME = "$(TARGET_NAME)";
				TARGETED_DEVICE_FAMILY = "1,2";
				TEST_HOST = "$(BUILT_PRODUCTS_DIR)/CustomTabBar.app/CustomTabBar";
			};
			name = Debug;
		};
		A13BDB2822EC81DD00E451D9 /* Release */ = {
			isa = XCBuildConfiguration;
			buildSettings = {
				BUNDLE_LOADER = "$(TEST_HOST)";
				CODE_SIGN_STYLE = Automatic;
				INFOPLIST_FILE = CustomTabBarTests/Info.plist;
				LD_RUNPATH_SEARCH_PATHS = (
					"$(inherited)",
					"@executable_path/Frameworks",
					"@loader_path/Frameworks",
				);
				PRODUCT_BUNDLE_IDENTIFIER = com.myron.CustomTabBarTests;
				PRODUCT_NAME = "$(TARGET_NAME)";
				TARGETED_DEVICE_FAMILY = "1,2";
				TEST_HOST = "$(BUILT_PRODUCTS_DIR)/CustomTabBar.app/CustomTabBar";
			};
			name = Release;
		};
		A13BDB2A22EC81DD00E451D9 /* Debug */ = {
			isa = XCBuildConfiguration;
			buildSettings = {
				CODE_SIGN_STYLE = Automatic;
				INFOPLIST_FILE = CustomTabBarUITests/Info.plist;
				LD_RUNPATH_SEARCH_PATHS = (
					"$(inherited)",
					"@executable_path/Frameworks",
					"@loader_path/Frameworks",
				);
				PRODUCT_BUNDLE_IDENTIFIER = com.myron.CustomTabBarUITests;
				PRODUCT_NAME = "$(TARGET_NAME)";
				TARGETED_DEVICE_FAMILY = "1,2";
				TEST_TARGET_NAME = CustomTabBar;
			};
			name = Debug;
		};
		A13BDB2B22EC81DD00E451D9 /* Release */ = {
			isa = XCBuildConfiguration;
			buildSettings = {
				CODE_SIGN_STYLE = Automatic;
				INFOPLIST_FILE = CustomTabBarUITests/Info.plist;
				LD_RUNPATH_SEARCH_PATHS = (
					"$(inherited)",
					"@executable_path/Frameworks",
					"@loader_path/Frameworks",
				);
				PRODUCT_BUNDLE_IDENTIFIER = com.myron.CustomTabBarUITests;
				PRODUCT_NAME = "$(TARGET_NAME)";
				TARGETED_DEVICE_FAMILY = "1,2";
				TEST_TARGET_NAME = CustomTabBar;
			};
			name = Release;
		};
/* End XCBuildConfiguration section */

/* Begin XCConfigurationList section */
		A13BDAF222EC81DB00E451D9 /* Build configuration list for PBXProject "CustomTabBar" */ = {
			isa = XCConfigurationList;
			buildConfigurations = (
				A13BDB2122EC81DD00E451D9 /* Debug */,
				A13BDB2222EC81DD00E451D9 /* Release */,
			);
			defaultConfigurationIsVisible = 0;
			defaultConfigurationName = Release;
		};
		A13BDB2322EC81DD00E451D9 /* Build configuration list for PBXNativeTarget "CustomTabBar" */ = {
			isa = XCConfigurationList;
			buildConfigurations = (
				A13BDB2422EC81DD00E451D9 /* Debug */,
				A13BDB2522EC81DD00E451D9 /* Release */,
			);
			defaultConfigurationIsVisible = 0;
			defaultConfigurationName = Release;
		};
		A13BDB2622EC81DD00E451D9 /* Build configuration list for PBXNativeTarget "CustomTabBarTests" */ = {
			isa = XCConfigurationList;
			buildConfigurations = (
				A13BDB2722EC81DD00E451D9 /* Debug */,
				A13BDB2822EC81DD00E451D9 /* Release */,
			);
			defaultConfigurationIsVisible = 0;
			defaultConfigurationName = Release;
		};
		A13BDB2922EC81DD00E451D9 /* Build configuration list for PBXNativeTarget "CustomTabBarUITests" */ = {
			isa = XCConfigurationList;
			buildConfigurations = (
				A13BDB2A22EC81DD00E451D9 /* Debug */,
				A13BDB2B22EC81DD00E451D9 /* Release */,
			);
			defaultConfigurationIsVisible = 0;
			defaultConfigurationName = Release;
		};
/* End XCConfigurationList section */
	};
	rootObject = A13BDAEF22EC81DB00E451D9 /* Project object */;
}
